{
  "requires": true,
  "lockfileVersion": 1,
  "dependencies": {
    "@hxdms/a": {
      "version": "0.6.0",
      "resolved": "https://registry.npmjs.org/@hxdms/a/-/a-0.6.0.tgz",
      "integrity": "sha512-i68v9cPa0ONA73crJbB+17y1RTCVoqfCVh+u0YqtUFw0T6LAT2KNEkvyxrmwlTWZvy6KQ6RTmMjoZboOw1BDIg=="
    }
  }
}
